
Microsoft Visual Studio Solution File, Format Version 12.00
# Visual Studio Version 16
VisualStudioVersion = 16.0.30503.244
MinimumVisualStudioVersion = 10.0.40219.1
Project("{F184B08F-C81C-45F6-A57F-5ABD9991F28F}") = "Fallout76Launcher", "Fallout76Launcher\Fallout76Launcher.vbproj", "{66D23DD6-46A1-4C8F-893A-A7344A114058}"
EndProject
Global
	GlobalSection(SolutionConfigurationPlatforms) = preSolution
		Debug|Any CPU = Debug|Any CPU
		Release|Any CPU = Release|Any CPU
	EndGlobalSection
	GlobalSection(ProjectConfigurationPlatforms) = postSolution
		{66D23DD6-46A1-4C8F-893A-A7344A114058}.Debug|Any CPU.ActiveCfg = Debug|Any CPU
		{66D23DD6-46A1-4C8F-893A-A7344A114058}.Debug|Any CPU.Build.0 = Debug|Any CPU
		{66D23DD6-46A1-4C8F-893A-A7344A114058}.Release|Any CPU.ActiveCfg = Release|Any CPU
		{66D23DD6-46A1-4C8F-893A-A7344A114058}.Release|Any CPU.Build.0 = Release|Any CPU
	EndGlobalSection
	GlobalSection(SolutionProperties) = preSolution
		HideSolutionNode = FALSE
	EndGlobalSection
	GlobalSection(ExtensibilityGlobals) = postSolution
		SolutionGuid = {01D4FF44-1AFA-4F59-A6BC-4945CCD9E13F}
	EndGlobalSection
EndGlobal
